
Microsoft Visual Studio Solution File, Format Version 12.00
# Visual Studio Version 17
VisualStudioVersion = 17.4.33213.308
MinimumVisualStudioVersion = 10.0.40219.1
Project("{FAE04EC0-301F-11D3-BF4B-00C04F79EFBC}") = "Tareas Lenguaje", "Tareas Lenguaje\Tareas Lenguaje.csproj", "{20FCD3F4-5F2E-4D26-A005-A92AB5870AB7}"
EndProject
Global
	GlobalSection(SolutionConfigurationPlatforms) = preSolution
		Debug|Any CPU = Debug|Any CPU
		Release|Any CPU = Release|Any CPU
	EndGlobalSection
	GlobalSection(ProjectConfigurationPlatforms) = postSolution
		{20FCD3F4-5F2E-4D26-A005-A92AB5870AB7}.Debug|Any CPU.ActiveCfg = Debug|Any CPU
		{20FCD3F4-5F2E-4D26-A005-A92AB5870AB7}.Debug|Any CPU.Build.0 = Debug|Any CPU
		{20FCD3F4-5F2E-4D26-A005-A92AB5870AB7}.Release|Any CPU.ActiveCfg = Release|Any CPU
		{20FCD3F4-5F2E-4D26-A005-A92AB5870AB7}.Release|Any CPU.Build.0 = Release|Any CPU
	EndGlobalSection
	GlobalSection(SolutionProperties) = preSolution
		HideSolutionNode = FALSE
	EndGlobalSection
	GlobalSection(ExtensibilityGlobals) = postSolution
		SolutionGuid = {9CBF8924-8235-450F-B727-40C47918C22C}
	EndGlobalSection
EndGlobal
