
Microsoft Visual Studio Solution File, Format Version 12.00
# Visual Studio Version 17
VisualStudioVersion = 17.4.33213.308
MinimumVisualStudioVersion = 10.0.40219.1
Project("{FAE04EC0-301F-11D3-BF4B-00C04F79EFBC}") = "Tareass", "Tareass\Tareass.csproj", "{1A2418F4-6A7A-46CD-9AE2-E31548ABBB91}"
EndProject
Global
	GlobalSection(SolutionConfigurationPlatforms) = preSolution
		Debug|Any CPU = Debug|Any CPU
		Release|Any CPU = Release|Any CPU
	EndGlobalSection
	GlobalSection(ProjectConfigurationPlatforms) = postSolution
		{1A2418F4-6A7A-46CD-9AE2-E31548ABBB91}.Debug|Any CPU.ActiveCfg = Debug|Any CPU
		{1A2418F4-6A7A-46CD-9AE2-E31548ABBB91}.Debug|Any CPU.Build.0 = Debug|Any CPU
		{1A2418F4-6A7A-46CD-9AE2-E31548ABBB91}.Release|Any CPU.ActiveCfg = Release|Any CPU
		{1A2418F4-6A7A-46CD-9AE2-E31548ABBB91}.Release|Any CPU.Build.0 = Release|Any CPU
	EndGlobalSection
	GlobalSection(SolutionProperties) = preSolution
		HideSolutionNode = FALSE
	EndGlobalSection
	GlobalSection(ExtensibilityGlobals) = postSolution
		SolutionGuid = {FCFC4D54-12AC-4AA6-88FB-EDAC9F4EEAAB}
	EndGlobalSection
EndGlobal
